Microsoft Visual Studio Solution File, Format Version 11.00
# Visual Studio 2008

Project("{832A7AE6-49B1-9366-AF03-BB1EC69F2A77}") = "FEUP-Unique-Challenge", "Assembly-CSharp.csproj", "{DD10146F-1B26-8FBA-4C82-FF6F419D0BF8}"
EndProject
Global
	GlobalSection(SolutionConfigurationPlatforms) = preSolution
		Debug|Any CPU = Debug|Any CPU
		Release|Any CPU = Release|Any CPU
	EndGlobalSection
	GlobalSection(ProjectConfigurationPlatforms) = postSolution
		{DD10146F-1B26-8FBA-4C82-FF6F419D0BF8}.Debug|Any CPU.ActiveCfg = Debug|Any CPU
		{DD10146F-1B26-8FBA-4C82-FF6F419D0BF8}.Debug|Any CPU.Build.0 = Debug|Any CPU
		{DD10146F-1B26-8FBA-4C82-FF6F419D0BF8}.Release|Any CPU.ActiveCfg = Release|Any CPU
		{DD10146F-1B26-8FBA-4C82-FF6F419D0BF8}.Release|Any CPU.Build.0 = Release|Any CPU
	EndGlobalSection
	GlobalSection(SolutionProperties) = preSolution
		HideSolutionNode = FALSE
	EndGlobalSection
	GlobalSection(MonoDevelopProperties) = preSolution
		StartupItem = Assembly-CSharp.csproj
	EndGlobalSection
EndGlobal
